PODS:
  - Flutter (1.0.0)

DEPENDENCIES:
  - Flutter (from `/Users/tatsu/flutter/bin/cache/artifacts/engine/ios`)

EXTERNAL SOURCES:
  Flutter:
    :path: "/Users/tatsu/flutter/bin/cache/artifacts/engine/ios"

SPEC CHECKSUMS:
  Flutter: 58dd7d1b27887414a370fcccb9e645c08ffd7a6a

PODFILE CHECKSUM: cc70c01bca487bebd110b87397f017f3b76a89f1

COCOAPODS: 1.7.2
